// !$*UTF8*$!
{
	archiveVersion = 1;
	classes = {
	};
	objectVersion = 50;
	objects = {

/* Begin PBXBuildFile section */
		BC23F2842361E1ED0069CC3F /* Assets.xcassets in Resources */ = {isa = PBXBuildFile; fileRef = BC23F2832361E1ED0069CC3F /* Assets.xcassets */; };
		BCDA1419235F50EC00BDA866 /* AppDelegate.swift in Sources */ = {isa = PBXBuildFile; fileRef = BCDA1418235F50EC00BDA866 /* AppDelegate.swift */; };
		BCDA141B235F50EC00BDA866 /* SceneDelegate.swift in Sources */ = {isa = PBXBuildFile; fileRef = BCDA141A235F50EC00BDA866 /* SceneDelegate.swift */; };
		BCDA141D235F50EC00BDA866 /* ViewController.swift in Sources */ = {isa = PBXBuildFile; fileRef = BCDA141C235F50EC00BDA866 /* ViewController.swift */; };
		BCDA1420235F50EC00BDA866 /* Main.storyboard in Resources */ = {isa = PBXBuildFile; fileRef = BCDA141E235F50EC00BDA866 /* Main.storyboard */; };
		BCDA1425235F50F300BDA866 /* LaunchScreen.storyboard in Resources */ = {isa = PBXBuildFile; fileRef = BCDA1423235F50F300BDA866 /* LaunchScreen.storyboard */; };
/* End PBXBuildFile section */

/* Begin PBXFileReference section */
		BC23F2832361E1ED0069CC3F /* Assets.xcassets */ = {isa = PBXFileReference; lastKnownFileType = folder.assetcatalog; name = Assets.xcassets; path = ../../../../../Downloads/Assets.xcassets; sourceTree = "<group>"; };
		BCDA1415235F50EC00BDA866 /* DarkTheme.app */ = {isa = PBXFileReference; explicitFileType = wrapper.application; includeInIndex = 0; path = DarkTheme.app; sourceTree = BUILT_PRODUCTS_DIR; };
		BCDA1418235F50EC00BDA866 /* AppDelegate.swift */ = {isa = PBXFileReference; lastKnownFileType = sourcecode.swift; path = AppDelegate.swift; sourceTree = "<group>"; };
		BCDA141A235F50EC00BDA866 /* SceneDelegate.swift */ = {isa = PBXFileReference; lastKnownFileType = sourcecode.swift; path = SceneDelegate.swift; sourceTree = "<group>"; };
		BCDA141C235F50EC00BDA866 /* ViewController.swift */ = {isa = PBXFileReference; lastKnownFileType = sourcecode.swift; path = ViewController.swift; sourceTree = "<group>"; };
		BCDA141F235F50EC00BDA866 /* Base */ = {isa = PBXFileReference; lastKnownFileType = file.storyboard; name = Base; path = Base.lproj/Main.storyboard; sourceTree = "<group>"; };
		BCDA1424235F50F300BDA866 /* Base */ = {isa = PBXFileReference; lastKnownFileType = file.storyboard; name = Base; path = Base.lproj/LaunchScreen.storyboard; sourceTree = "<group>"; };
		BCDA1426235F50F300BDA866 /* Info.plist */ = {isa = PBXFileReference; lastKnownFileType = text.plist.xml; path = Info.plist; sourceTree = "<group>"; };
/* End PBXFileReference section */

/* Begin PBXFrameworksBuildPhase section */
		BCDA1412235F50EC00BDA866 /* Frameworks */ = {
			isa = PBXFrameworksBuildPhase;
			buildActionMask = 2147483647;
			files = (
			);
			runOnlyForDeploymentPostprocessing = 0;
		};
/* End PBXFrameworksBuildPhase section */

/* Begin PBXGroup section */
		BCDA140C235F50EC00BDA866 = {
			isa = PBXGroup;
			children = (
				BCDA1417235F50EC00BDA866 /* DarkTheme */,
				BCDA1416235F50EC00BDA866 /* Products */,
			);
			sourceTree = "<group>";
		};
		BCDA1416235F50EC00BDA866 /* Products */ = {
			isa = PBXGroup;
			children = (
				BCDA1415235F50EC00BDA866 /* DarkTheme.app */,
			);
			name = Products;
			sourceTree = "<group>";
		};
		BCDA1417235F50EC00BDA866 /* DarkTheme */ = {
			isa = PBXGroup;
			children = (
				BCDA1418235F50EC00BDA866 /* AppDelegate.swift */,
				BCDA141A235F50EC00BDA866 /* SceneDelegate.swift */,
				BCDA141C235F50EC00BDA866 /* ViewController.swift */,
				BCDA141E235F50EC00BDA866 /* Main.storyboard */,
				BC23F2832361E1ED0069CC3F /* Assets.xcassets */,
				BCDA1423235F50F300BDA866 /* LaunchScreen.storyboard */,
				BCDA1426235F50F300BDA866 /* Info.plist */,
			);
			path = DarkTheme;
			sourceTree = "<group>";
		};
/* End PBXGroup section */

/* Begin PBXNativeTarget section */
		BCDA1414235F50EC00BDA866 /* DarkTheme */ = {
			isa = PBXNativeTarget;
			buildConfigurationList = BCDA1429235F50F300BDA866 /* Build configuration list for PBXNativeTarget "DarkTheme" */;
			buildPhases = (
				BCDA1411235F50EC00BDA866 /* Sources */,
				BCDA1412235F50EC00BDA866 /* Frameworks */,
				BCDA1413235F50EC00BDA866 /* Resources */,
			);
			buildRules = (
			);
			dependencies = (
			);
			name = DarkTheme;
			productName = DarkTheme;
			productReference = BCDA1415235F50EC00BDA866 /* DarkTheme.app */;
			productType = "com.apple.product-type.application";
		};
/* End PBXNativeTarget section */

/* Begin PBXProject section */
		BCDA140D235F50EC00BDA866 /* Project object */ = {
			isa = PBXProject;
			attributes = {
				LastSwiftUpdateCheck = 1110;
				LastUpgradeCheck = 1110;
				ORGANIZATIONNAME = "Karlis Cars";
				TargetAttributes = {
					BCDA1414235F50EC00BDA866 = {
						CreatedOnToolsVersion = 11.1;
					};
				};
			};
			buildConfigurationList = BCDA1410235F50EC00BDA866 /* Build configuration list for PBXProject "DarkTheme" */;
			compatibilityVersion = "Xcode 9.3";
			developmentRegion = en;
			hasScannedForEncodings = 0;
			knownRegions = (
				en,
				Base,
			);
			mainGroup = BCDA140C235F50EC00BDA866;
			productRefGroup = BCDA1416235F50EC00BDA866 /* Products */;
			projectDirPath = "";
			projectRoot = "";
			targets = (
				BCDA1414235F50EC00BDA866 /* DarkTheme */,
			);
		};
/* End PBXProject section */

/* Begin PBXResourcesBuildPhase section */
		BCDA1413235F50EC00BDA866 /* Resources */ = {
			isa = PBXResourcesBuildPhase;
			buildActionMask = 2147483647;
			files = (
				BCDA1425235F50F300BDA866 /* LaunchScreen.storyboard in Resources */,
				BC23F2842361E1ED0069CC3F /* Assets.xcassets in Resources */,
				BCDA1420235F50EC00BDA866 /* Main.storyboard in Resources */,
			);
			runOnlyForDeploymentPostprocessing = 0;
		};
/* End PBXResourcesBuildPhase section */

/* Begin PBXSourcesBuildPhase section */
		BCDA1411235F50EC00BDA866 /* Sources */ = {
			isa = PBXSourcesBuildPhase;
			buildActionMask = 2147483647;
			files = (
				BCDA141D235F50EC00BDA866 /* ViewController.swift in Sources */,
				BCDA1419235F50EC00BDA866 /* AppDelegate.swift in Sources */,
				BCDA141B235F50EC00BDA866 /* SceneDelegate.swift in Sources */,
			);
			runOnlyForDeploymentPostprocessing = 0;
		};
/* End PBXSourcesBuildPhase section */

/* Begin PBXVariantGroup section */
		BCDA141E235F50EC00BDA866 /* Main.storyboard */ = {
			isa = PBXVariantGroup;
			children = (
				BCDA141F235F50EC00BDA866 /* Base */,
			);
			name = Main.storyboard;
			sourceTree = "<group>";
		};
		BCDA1423235F50F300BDA866 /* LaunchScreen.storyboard */ = {
			isa = PBXVariantGroup;
			children = (
				BCDA1424235F50F300BDA866 /* Base */,
			);
			name = LaunchScreen.storyboard;
			sourceTree = "<group>";
		};
/* End PBXVariantGroup section */

/* Begin XCBuildConfiguration section */
		BCDA1427235F50F300BDA866 /* Debug */ = {
			isa = XCBuildConfiguration;
			buildSettings = {
				ALWAYS_SEARCH_USER_PATHS = NO;
				CLANG_ANALYZER_NONNULL = YES;
				CLANG_ANALYZER_NUMBER_OBJECT_CONVERSION = YES_AGGRESSIVE;
				CLANG_CXX_LANGUAGE_STANDARD = "gnu++14";
				CLANG_CXX_LIBRARY = "libc++";
				CLANG_ENABLE_MODULES = YES;
				CLANG_ENABLE_OBJC_ARC = YES;
				CLANG_ENABLE_OBJC_WEAK = YES;
				CLANG_WARN_BLOCK_CAPTURE_AUTORELEASING = YES;
				CLANG_WARN_BOOL_CONVERSION = YES;
				CLANG_WARN_COMMA = YES;
				CLANG_WARN_CONSTANT_CONVERSION = YES;
				CLANG_WARN_DEPRECATED_OBJC_IMPLEMENTATIONS = YES;
				CLANG_WARN_DIRECT_OBJC_ISA_USAGE = YES_ERROR;
				CLANG_WARN_DOCUMENTATION_COMMENTS = YES;
				CLANG_WARN_EMPTY_BODY = YES;
				CLANG_WARN_ENUM_CONVERSION = YES;
				CLANG_WARN_INFINITE_RECURSION = YES;
				CLANG_WARN_INT_CONVERSION = YES;
				CLANG_WARN_NON_LITERAL_NULL_CONVERSION = YES;
				CLANG_WARN_OBJC_IMPLICIT_RETAIN_SELF = YES;
				CLANG_WARN_OBJC_LITERAL_CONVERSION = YES;
				CLANG_WARN_OBJC_ROOT_CLASS = YES_ERROR;
				CLANG_WARN_RANGE_LOOP_ANALYSIS = YES;
				CLANG_WARN_STRICT_PROTOTYPES = YES;
				CLANG_WARN_SUSPICIOUS_MOVE = YES;
				CLANG_WARN_UNGUARDED_AVAILABILITY = YES_AGGRESSIVE;
				CLANG_WARN_UNREACHABLE_CODE = YES;
				CLANG_WARN__DUPLICATE_METHOD_MATCH = YES;
				COPY_PHASE_STRIP = NO;
				DEBUG_INFORMATION_FORMAT = dwarf;
				ENABLE_STRICT_OBJC_MSGSEND = YES;
				ENABLE_TESTABILITY = YES;
				GCC_C_LANGUAGE_STANDARD = gnu11;
				GCC_DYNAMIC_NO_PIC = NO;
				GCC_NO_COMMON_BLOCKS = YES;
				GCC_OPTIMIZATION_LEVEL = 0;
				GCC_PREPROCESSOR_DEFINITIONS = (
					"DEBUG=1",
					"$(inherited)",
				);
				GCC_WARN_64_TO_32_BIT_CONVERSION = YES;
				GCC_WARN_ABOUT_RETURN_TYPE = YES_ERROR;
				GCC_WARN_UNDECLARED_SELECTOR = YES;
				GCC_WARN_UNINITIALIZED_AUTOS = YES_AGGRESSIVE;
				GCC_WARN_UNUSED_FUNCTION = YES;
				GCC_WARN_UNUSED_VARIABLE = YES;
				IPHONEOS_DEPLOYMENT_TARGET = 13.1;
				MTL_ENABLE_DEBUG_INFO = INCLUDE_SOURCE;
				MTL_FAST_MATH = YES;
				ONLY_ACTIVE_ARCH = YES;
				SDKROOT = iphoneos;
				SWIFT_ACTIVE_COMPILATION_CONDITIONS = DEBUG;
				SWIFT_OPTIMIZATION_LEVEL = "-Onone";
			};
			name = Debug;
		};
		BCDA1428235F50F300BDA866 /* Release */ = {
			isa = XCBuildConfiguration;
			buildSettings = {
				ALWAYS_SEARCH_USER_PATHS = NO;
				CLANG_ANALYZER_NONNULL = YES;
				CLANG_ANALYZER_NUMBER_OBJECT_CONVERSION = YES_AGGRESSIVE;
				CLANG_CXX_LANGUAGE_STANDARD = "gnu++14";
				CLANG_CXX_LIBRARY = "libc++";
				CLANG_ENABLE_MODULES = YES;
				CLANG_ENABLE_OBJC_ARC = YES;
				CLANG_ENABLE_OBJC_WEAK = YES;
				CLANG_WARN_BLOCK_CAPTURE_AUTORELEASING = YES;
				CLANG_WARN_BOOL_CONVERSION = YES;
				CLANG_WARN_COMMA = YES;
				CLANG_WARN_CONSTANT_CONVERSION = YES;
				CLANG_WARN_DEPRECATED_OBJC_IMPLEMENTATIONS = YES;
				CLANG_WARN_DIRECT_OBJC_ISA_USAGE = YES_ERROR;
				CLANG_WARN_DOCUMENTATION_COMMENTS = YES;
				CLANG_WARN_EMPTY_BODY = YES;
				CLANG_WARN_ENUM_CONVERSION = YES;
				CLANG_WARN_INFINITE_RECURSION = YES;
				CLANG_WARN_INT_CONVERSION = YES;
				CLANG_WARN_NON_LITERAL_NULL_CONVERSION = YES;
				CLANG_WARN_OBJC_IMPLICIT_RETAIN_SELF = YES;
				CLANG_WARN_OBJC_LITERAL_CONVERSION = YES;
				CLANG_WARN_OBJC_ROOT_CLASS = YES_ERROR;
				CLANG_WARN_RANGE_LOOP_ANALYSIS = YES;
				CLANG_WARN_STRICT_PROTOTYPES = YES;
				CLANG_WARN_SUSPICIOUS_MOVE = YES;
				CLANG_WARN_UNGUARDED_AVAILABILITY = YES_AGGRESSIVE;
				CLANG_WARN_UNREACHABLE_CODE = YES;
				CLANG_WARN__DUPLICATE_METHOD_MATCH = YES;
				COPY_PHASE_STRIP = NO;
				DEBUG_INFORMATION_FORMAT = "dwarf-with-dsym";
				ENABLE_NS_ASSERTIONS = NO;
				ENABLE_STRICT_OBJC_MSGSEND = YES;
				GCC_C_LANGUAGE_STANDARD = gnu11;
				GCC_NO_COMMON_BLOCKS = YES;
				GCC_WARN_64_TO_32_BIT_CONVERSION = YES;
				GCC_WARN_ABOUT_RETURN_TYPE = YES_ERROR;
				GCC_WARN_UNDECLARED_SELECTOR = YES;
				GCC_WARN_UNINITIALIZED_AUTOS = YES_AGGRESSIVE;
				GCC_WARN_UNUSED_FUNCTION = YES;
				GCC_WARN_UNUSED_VARIABLE = YES;
				IPHONEOS_DEPLOYMENT_TARGET = 13.1;
				MTL_ENABLE_DEBUG_INFO = NO;
				MTL_FAST_MATH = YES;
				SDKROOT = iphoneos;
				SWIFT_COMPILATION_MODE = wholemodule;
				SWIFT_OPTIMIZATION_LEVEL = "-O";
				VALIDATE_PRODUCT = YES;
			};
			name = Release;
		};
		BCDA142A235F50F300BDA866 /* Debug */ = {
			isa = XCBuildConfiguration;
			buildSettings = {
				ASSETCATALOG_COMPILER_APPICON_NAME = AppIcon;
				CODE_SIGN_STYLE = Automatic;
				DEVELOPMENT_TEAM = 5LDM4NM6JZ;
				INFOPLIST_FILE = DarkTheme/Info.plist;
				LD_RUNPATH_SEARCH_PATHS = (
					"$(inherited)",
					"@executable_path/Frameworks",
				);
				PRODUCT_BUNDLE_IDENTIFIER = com.kcars.DarkTheme;
				PRODUCT_NAME = "$(TARGET_NAME)";
				SWIFT_VERSION = 5.0;
				TARGETED_DEVICE_FAMILY = "1,2";
			};
			name = Debug;
		};
		BCDA142B235F50F300BDA866 /* Release */ = {
			isa = XCBuildConfiguration;
			buildSettings = {
				ASSETCATALOG_COMPILER_APPICON_NAME = AppIcon;
				CODE_SIGN_STYLE = Automatic;
				DEVELOPMENT_TEAM = 5LDM4NM6JZ;
				INFOPLIST_FILE = DarkTheme/Info.plist;
				LD_RUNPATH_SEARCH_PATHS = (
					"$(inherited)",
					"@executable_path/Frameworks",
				);
				PRODUCT_BUNDLE_IDENTIFIER = com.kcars.DarkTheme;
				PRODUCT_NAME = "$(TARGET_NAME)";
				SWIFT_VERSION = 5.0;
				TARGETED_DEVICE_FAMILY = "1,2";
			};
			name = Release;
		};
/* End XCBuildConfiguration section */

/* Begin XCConfigurationList section */
		BCDA1410235F50EC00BDA866 /* Build configuration list for PBXProject "DarkTheme" */ = {
			isa = XCConfigurationList;
			buildConfigurations = (
				BCDA1427235F50F300BDA866 /* Debug */,
				BCDA1428235F50F300BDA866 /* Release */,
			);
			defaultConfigurationIsVisible = 0;
			defaultConfigurationName = Release;
		};
		BCDA1429235F50F300BDA866 /* Build configuration list for PBXNativeTarget "DarkTheme" */ = {
			isa = XCConfigurationList;
			buildConfigurations = (
				BCDA142A235F50F300BDA866 /* Debug */,
				BCDA142B235F50F300BDA866 /* Release */,
			);
			defaultConfigurationIsVisible = 0;
			defaultConfigurationName = Release;
		};
/* End XCConfigurationList section */
	};
	rootObject = BCDA140D235F50EC00BDA866 /* Project object */;
}
